// !$*UTF8*$!
{
	archiveVersion = 1;
	classes = {
	};
	objectVersion = 46;
	objects = {

/* Begin PBXBuildFile section */
		E248F6261B5BCDB100E18614 /* AppleScriptObjC.framework in Frameworks */ = {isa = PBXBuildFile; fileRef = E248F6251B5BCDB100E18614 /* AppleScriptObjC.framework */; };
		E248F62B1B5BCDB200E18614 /* main.m in Sources */ = {isa = PBXBuildFile; fileRef = E248F62A1B5BCDB200E18614 /* main.m */; };
		E248F62D1B5BCDB200E18614 /* AppDelegate.applescript in Sources */ = {isa = PBXBuildFile; fileRef = E248F62C1B5BCDB200E18614 /* AppDelegate.applescript */; };
		E248F62F1B5BCDB200E18614 /* Images.xcassets in Resources */ = {isa = PBXBuildFile; fileRef = E248F62E1B5BCDB200E18614 /* Images.xcassets */; };
		E248F6321B5BCDB200E18614 /* MainMenu.xib in Resources */ = {isa = PBXBuildFile; fileRef = E248F6301B5BCDB200E18614 /* MainMenu.xib */; };
		E248F63B1B5BD0E300E18614 /* KitchenSync.sh in Resources */ = {isa = PBXBuildFile; fileRef = E248F6381B5BCF1900E18614 /* KitchenSync.sh */; };
/* End PBXBuildFile section */

/* Begin PBXFileReference section */
		E248F6221B5BCDB100E18614 /* KitchenSync.app */ = {isa = PBXFileReference; explicitFileType = wrapper.application; includeInIndex = 0; path = KitchenSync.app; sourceTree = BUILT_PRODUCTS_DIR; };
		E248F6251B5BCDB100E18614 /* AppleScriptObjC.framework */ = {isa = PBXFileReference; lastKnownFileType = wrapper.framework; name = AppleScriptObjC.framework; path = System/Library/Frameworks/AppleScriptObjC.framework; sourceTree = SDKROOT; };
		E248F6291B5BCDB200E18614 /* Info.plist */ = {isa = PBXFileReference; lastKnownFileType = text.plist.xml; path = Info.plist; sourceTree = "<group>"; };
		E248F62A1B5BCDB200E18614 /* main.m */ = {isa = PBXFileReference; lastKnownFileType = sourcecode.c.objc; path = main.m; sourceTree = "<group>"; };
		E248F62C1B5BCDB200E18614 /* AppDelegate.applescript */ = {isa = PBXFileReference; lastKnownFileType = sourcecode.applescript; path = AppDelegate.applescript; sourceTree = "<group>"; };
		E248F62E1B5BCDB200E18614 /* Images.xcassets */ = {isa = PBXFileReference; lastKnownFileType = folder.assetcatalog; path = Images.xcassets; sourceTree = "<group>"; };
		E248F6381B5BCF1900E18614 /* KitchenSync.sh */ = {isa = PBXFileReference; lastKnownFileType = text.script.sh; path = KitchenSync.sh; sourceTree = "<group>"; };
		E2CEDCF01B5BD93A008E70FB /* en */ = {isa = PBXFileReference; lastKnownFileType = file.xib; name = en; path = en.lproj/MainMenu.xib; sourceTree = "<group>"; };
/* End PBXFileReference section */

/* Begin PBXFrameworksBuildPhase section */
		E248F61F1B5BCDB100E18614 /* Frameworks */ = {
			isa = PBXFrameworksBuildPhase;
			buildActionMask = 2147483647;
			files = (
				E248F6261B5BCDB100E18614 /* AppleScriptObjC.framework in Frameworks */,
			);
			runOnlyForDeploymentPostprocessing = 0;
		};
/* End PBXFrameworksBuildPhase section */

/* Begin PBXGroup section */
		E248F6191B5BCDB100E18614 = {
			isa = PBXGroup;
			children = (
				E248F63C1B5BD0FA00E18614 /* Scripts */,
				E248F6271B5BCDB100E18614 /* KitchenSync */,
				E248F6241B5BCDB100E18614 /* Frameworks */,
				E248F6231B5BCDB100E18614 /* Products */,
			);
			sourceTree = "<group>";
		};
		E248F6231B5BCDB100E18614 /* Products */ = {
			isa = PBXGroup;
			children = (
				E248F6221B5BCDB100E18614 /* KitchenSync.app */,
			);
			name = Products;
			sourceTree = "<group>";
		};
		E248F6241B5BCDB100E18614 /* Frameworks */ = {
			isa = PBXGroup;
			children = (
				E248F6251B5BCDB100E18614 /* AppleScriptObjC.framework */,
			);
			name = Frameworks;
			sourceTree = "<group>";
		};
		E248F6271B5BCDB100E18614 /* KitchenSync */ = {
			isa = PBXGroup;
			children = (
				E248F62C1B5BCDB200E18614 /* AppDelegate.applescript */,
				E248F62E1B5BCDB200E18614 /* Images.xcassets */,
				E248F6301B5BCDB200E18614 /* MainMenu.xib */,
				E248F6281B5BCDB200E18614 /* Supporting Files */,
			);
			path = KitchenSync;
			sourceTree = "<group>";
		};
		E248F6281B5BCDB200E18614 /* Supporting Files */ = {
			isa = PBXGroup;
			children = (
				E248F6291B5BCDB200E18614 /* Info.plist */,
				E248F62A1B5BCDB200E18614 /* main.m */,
			);
			name = "Supporting Files";
			sourceTree = "<group>";
		};
		E248F63C1B5BD0FA00E18614 /* Scripts */ = {
			isa = PBXGroup;
			children = (
				E248F6381B5BCF1900E18614 /* KitchenSync.sh */,
			);
			name = Scripts;
			sourceTree = "<group>";
		};
/* End PBXGroup section */

/* Begin PBXNativeTarget section */
		E248F6211B5BCDB100E18614 /* KitchenSync */ = {
			isa = PBXNativeTarget;
			buildConfigurationList = E248F6351B5BCDB200E18614 /* Build configuration list for PBXNativeTarget "KitchenSync" */;
			buildPhases = (
				E248F61E1B5BCDB100E18614 /* Sources */,
				E248F61F1B5BCDB100E18614 /* Frameworks */,
				E248F6201B5BCDB100E18614 /* Resources */,
			);
			buildRules = (
			);
			dependencies = (
			);
			name = KitchenSync;
			productName = KitchenSync;
			productReference = E248F6221B5BCDB100E18614 /* KitchenSync.app */;
			productType = "com.apple.product-type.application";
		};
/* End PBXNativeTarget section */

/* Begin PBXProject section */
		E248F61A1B5BCDB100E18614 /* Project object */ = {
			isa = PBXProject;
			attributes = {
				LastUpgradeCheck = 0640;
				ORGANIZATIONNAME = tom;
				TargetAttributes = {
					E248F6211B5BCDB100E18614 = {
						CreatedOnToolsVersion = 6.4;
					};
				};
			};
			buildConfigurationList = E248F61D1B5BCDB100E18614 /* Build configuration list for PBXProject "KitchenSync" */;
			compatibilityVersion = "Xcode 3.2";
			developmentRegion = English;
			hasScannedForEncodings = 0;
			knownRegions = (
				en,
				Base,
			);
			mainGroup = E248F6191B5BCDB100E18614;
			productRefGroup = E248F6231B5BCDB100E18614 /* Products */;
			projectDirPath = "";
			projectRoot = "";
			targets = (
				E248F6211B5BCDB100E18614 /* KitchenSync */,
			);
		};
/* End PBXProject section */

/* Begin PBXResourcesBuildPhase section */
		E248F6201B5BCDB100E18614 /* Resources */ = {
			isa = PBXResourcesBuildPhase;
			buildActionMask = 2147483647;
			files = (
				E248F62F1B5BCDB200E18614 /* Images.xcassets in Resources */,
				E248F63B1B5BD0E300E18614 /* KitchenSync.sh in Resources */,
				E248F6321B5BCDB200E18614 /* MainMenu.xib in Resources */,
			);
			runOnlyForDeploymentPostprocessing = 0;
		};
/* End PBXResourcesBuildPhase section */

/* Begin PBXSourcesBuildPhase section */
		E248F61E1B5BCDB100E18614 /* Sources */ = {
			isa = PBXSourcesBuildPhase;
			buildActionMask = 2147483647;
			files = (
				E248F62D1B5BCDB200E18614 /* AppDelegate.applescript in Sources */,
				E248F62B1B5BCDB200E18614 /* main.m in Sources */,
			);
			runOnlyForDeploymentPostprocessing = 0;
		};
/* End PBXSourcesBuildPhase section */

/* Begin PBXVariantGroup section */
		E248F6301B5BCDB200E18614 /* MainMenu.xib */ = {
			isa = PBXVariantGroup;
			children = (
				E2CEDCF01B5BD93A008E70FB /* en */,
			);
			name = MainMenu.xib;
			sourceTree = "<group>";
		};
/* End PBXVariantGroup section */

/* Begin XCBuildConfiguration section */
		E248F6331B5BCDB200E18614 /* Debug */ = {
			isa = XCBuildConfiguration;
			buildSettings = {
				ALWAYS_SEARCH_USER_PATHS = NO;
				CLANG_CXX_LANGUAGE_STANDARD = "gnu++0x";
				CLANG_CXX_LIBRARY = "libc++";
				CLANG_ENABLE_MODULES = YES;
				CLANG_ENABLE_OBJC_ARC = YES;
				CLANG_WARN_BOOL_CONVERSION = YES;
				CLANG_WARN_CONSTANT_CONVERSION = YES;
				CLANG_WARN_DIRECT_OBJC_ISA_USAGE = YES_ERROR;
				CLANG_WARN_EMPTY_BODY = YES;
				CLANG_WARN_ENUM_CONVERSION = YES;
				CLANG_WARN_INT_CONVERSION = YES;
				CLANG_WARN_OBJC_ROOT_CLASS = YES_ERROR;
				CLANG_WARN_UNREACHABLE_CODE = YES;
				CLANG_WARN__DUPLICATE_METHOD_MATCH = YES;
				CODE_SIGN_IDENTITY = "-";
				COPY_PHASE_STRIP = NO;
				DEBUG_INFORMATION_FORMAT = dwarf;
				ENABLE_STRICT_OBJC_MSGSEND = YES;
				GCC_C_LANGUAGE_STANDARD = gnu99;
				GCC_DYNAMIC_NO_PIC = NO;
				GCC_NO_COMMON_BLOCKS = YES;
				GCC_OPTIMIZATION_LEVEL = 0;
				GCC_PREPROCESSOR_DEFINITIONS = (
					"DEBUG=1",
					"$(inherited)",
				);
				GCC_SYMBOLS_PRIVATE_EXTERN = NO;
				GCC_WARN_64_TO_32_BIT_CONVERSION = YES;
				GCC_WARN_ABOUT_RETURN_TYPE = YES_ERROR;
				GCC_WARN_UNDECLARED_SELECTOR = YES;
				GCC_WARN_UNINITIALIZED_AUTOS = YES_AGGRESSIVE;
				GCC_WARN_UNUSED_FUNCTION = YES;
				GCC_WARN_UNUSED_VARIABLE = YES;
				MACOSX_DEPLOYMENT_TARGET = 10.10;
				MTL_ENABLE_DEBUG_INFO = YES;
				ONLY_ACTIVE_ARCH = YES;
				SDKROOT = macosx;
			};
			name = Debug;
		};
		E248F6341B5BCDB200E18614 /* Release */ = {
			isa = XCBuildConfiguration;
			buildSettings = {
				ALWAYS_SEARCH_USER_PATHS = NO;
				CLANG_CXX_LANGUAGE_STANDARD = "gnu++0x";
				CLANG_CXX_LIBRARY = "libc++";
				CLANG_ENABLE_MODULES = YES;
				CLANG_ENABLE_OBJC_ARC = YES;
				CLANG_WARN_BOOL_CONVERSION = YES;
				CLANG_WARN_CONSTANT_CONVERSION = YES;
				CLANG_WARN_DIRECT_OBJC_ISA_USAGE = YES_ERROR;
				CLANG_WARN_EMPTY_BODY = YES;
				CLANG_WARN_ENUM_CONVERSION = YES;
				CLANG_WARN_INT_CONVERSION = YES;
				CLANG_WARN_OBJC_ROOT_CLASS = YES_ERROR;
				CLANG_WARN_UNREACHABLE_CODE = YES;
				CLANG_WARN__DUPLICATE_METHOD_MATCH = YES;
				CODE_SIGN_IDENTITY = "-";
				COPY_PHASE_STRIP = NO;
				DEBUG_INFORMATION_FORMAT = "dwarf-with-dsym";
				ENABLE_NS_ASSERTIONS = NO;
				ENABLE_STRICT_OBJC_MSGSEND = YES;
				GCC_C_LANGUAGE_STANDARD = gnu99;
				GCC_NO_COMMON_BLOCKS = YES;
				GCC_WARN_64_TO_32_BIT_CONVERSION = YES;
				GCC_WARN_ABOUT_RETURN_TYPE = YES_ERROR;
				GCC_WARN_UNDECLARED_SELECTOR = YES;
				GCC_WARN_UNINITIALIZED_AUTOS = YES_AGGRESSIVE;
				GCC_WARN_UNUSED_FUNCTION = YES;
				GCC_WARN_UNUSED_VARIABLE = YES;
				MACOSX_DEPLOYMENT_TARGET = 10.10;
				MTL_ENABLE_DEBUG_INFO = NO;
				SDKROOT = macosx;
			};
			name = Release;
		};
		E248F6361B5BCDB200E18614 /* Debug */ = {
			isa = XCBuildConfiguration;
			buildSettings = {
				ASSETCATALOG_COMPILER_APPICON_NAME = AppIcon;
				COMBINE_HIDPI_IMAGES = YES;
				INFOPLIST_FILE = KitchenSync/Info.plist;
				LD_RUNPATH_SEARCH_PATHS = "$(inherited) @executable_path/../Frameworks";
				PRODUCT_NAME = "$(TARGET_NAME)";
			};
			name = Debug;
		};
		E248F6371B5BCDB200E18614 /* Release */ = {
			isa = XCBuildConfiguration;
			buildSettings = {
				ASSETCATALOG_COMPILER_APPICON_NAME = AppIcon;
				COMBINE_HIDPI_IMAGES = YES;
				INFOPLIST_FILE = KitchenSync/Info.plist;
				LD_RUNPATH_SEARCH_PATHS = "$(inherited) @executable_path/../Frameworks";
				PRODUCT_NAME = "$(TARGET_NAME)";
			};
			name = Release;
		};
/* End XCBuildConfiguration section */

/* Begin XCConfigurationList section */
		E248F61D1B5BCDB100E18614 /* Build configuration list for PBXProject "KitchenSync" */ = {
			isa = XCConfigurationList;
			buildConfigurations = (
				E248F6331B5BCDB200E18614 /* Debug */,
				E248F6341B5BCDB200E18614 /* Release */,
			);
			defaultConfigurationIsVisible = 0;
			defaultConfigurationName = Release;
		};
		E248F6351B5BCDB200E18614 /* Build configuration list for PBXNativeTarget "KitchenSync" */ = {
			isa = XCConfigurationList;
			buildConfigurations = (
				E248F6361B5BCDB200E18614 /* Debug */,
				E248F6371B5BCDB200E18614 /* Release */,
			);
			defaultConfigurationIsVisible = 0;
			defaultConfigurationName = Release;
		};
/* End XCConfigurationList section */
	};
	rootObject = E248F61A1B5BCDB100E18614 /* Project object */;
}
